hash: 61a6b12902a915c40b2e5c3720803e9c71fbfac455cbe58e5c1fb9e9474518fe
updated: 2023-06-10T00:32:40.687313472Z
imports:
- name: github.com/beorn7/perks
  version: 4c0e84591b9aa9e6dcfdf3e020114cd81f89d5f9
  subpackages:
  - quantile
- name: github.com/cactus/go-statsd-client
  version: 138b925ccdf617776955904ba7759fce64406cec
  subpackages:
  - statsd
- name: github.com/golang/mock
  version: 5b455625bd2c8ffbcc0de6a0873f864ba3820904
  subpackages:
  - gomock
  - mockgen/model
- name: github.com/golang/protobuf
  version: 5d5e8c018a13017f9d5b8bf4fad64aaa42a87308
  subpackages:
  - proto
  - ptypes/timestamp
- name: github.com/m3db/prometheus_client_golang
  version: 3601e01160ff9b74a616d661683e0ff884e5b0c5
  subpackages:
  - prometheus
  - prometheus/internal
  - prometheus/internal/thirdparty/github.com/cespare/xxhash
  - prometheus/promhttp
- name: github.com/m3db/prometheus_client_model
  version: 1d700e8aacc1ee332fb23c430617f09f5b4f56eb
  subpackages:
  - go
- name: github.com/m3db/prometheus_common
  version: dfb62d9d4677e88e0cf818e9a4faab072eee2785
  subpackages:
  - expfmt
  - internal/bitbucket.org/ww/goautoneg
  - model
- name: github.com/matttproud/golang_protobuf_extensions
  version: c12348ce28de40eed0136aa2b644d0ee0650e56c
  subpackages:
  - pbutil
- name: github.com/pkg/errors
  version: 614d223910a179a466c1767a985424175c39b465
- name: github.com/prometheus/procfs
  version: 332e865adfebaa7eaedc94535a3f12f7e5eeb2d4
  subpackages:
  - internal/fs
  - internal/util
- name: github.com/twmb/murmur3
  version: 3fcd9c20f2443ea2612fca5675f4cf6849e809b9
- name: go.uber.org/atomic
  version: 76f817c8b7e771cdffc2b9f11a7ebb80333ca92b
- name: golang.org/x/sys
  version: b52f5441ce4ee981d7a9295a5ddad71e196486a7
  subpackages:
  - unix
- name: google.golang.org/protobuf
  version: f221882bfb484564f1714ae05f197dea2c76898d
  subpackages:
  - encoding/prototext
  - encoding/protowire
  - internal/descfmt
  - internal/descopts
  - internal/detrand
  - internal/encoding/defval
  - internal/encoding/messageset
  - internal/encoding/tag
  - internal/encoding/text
  - internal/errors
  - internal/filedesc
  - internal/filetype
  - internal/flags
  - internal/genid
  - internal/impl
  - internal/order
  - internal/pragma
  - internal/set
  - internal/strs
  - internal/version
  - proto
  - reflect/protodesc
  - reflect/protoreflect
  - reflect/protoregistry
  - runtime/protoiface
  - runtime/protoimpl
  - types/descriptorpb
  - types/known/timestamppb
- name: gopkg.in/validator.v2
  version: 2b28d334fa054977b7c725c7639a1ca4efc18bad
- name: gopkg.in/yaml.v2
  version: 7649d4548cb53a614db133b2a8ac1f31859dda8c
testImports:
- name: github.com/axw/gocov
  version: 54b98cfcac0c63fb3f9bd8e7ad241b724d4e985b
  subpackages:
  - gocov
- name: github.com/davecgh/go-spew
  version: 5215b55f46b2b919f50a1df0eaa5886afe4e3b3d
  subpackages:
  - spew
- name: github.com/golang/lint
  version: c7bacac2b21ca01afa1dee0acf64df3ce047c28f
  subpackages:
  - golint
- name: github.com/mattn/goveralls
  version: f4d273b02ce1b4e48acf3662b717aa987bfc4118
- name: github.com/pborman/uuid
  version: c55201b036063326c5b1b89ccfe45a184973d073
- name: github.com/pmezard/go-difflib
  version: d8ed2627bdf02c080bf22230dbb337003b7aba2d
  subpackages:
  - difflib
- name: github.com/stretchr/testify
  version: d77da356e56a7428ad25149ca77381849a6a5232
  subpackages:
  - assert
  - require
- name: go.uber.org/goleak
  version: 4a14d384c51ba0c8e6a2fb4dc8bf83d15cdec096
  subpackages:
  - internal/stack
- name: golang.org/x/tools
  version: 3fe2afc9e626f32e91aff6eddb78b14743446865
  subpackages:
  - cover
