hash: 6c5a37d4f995175d7ab310d09b5866057c683536b0ae3d8f478f87943aa03be4
updated: 2021-02-05T09:45:14.308188-05:00
imports:
- name: github.com/beorn7/perks
  version: 4c0e84591b9aa9e6dcfdf3e020114cd81f89d5f9
  subpackages:
  - quantile
- name: github.com/cactus/go-statsd-client
  version: 138b925ccdf617776955904ba7759fce64406cec
  subpackages:
  - statsd
- name: github.com/golang/protobuf
  version: 6c65a5562fc06764971b7c5d05c76c75e84bdbf7
  subpackages:
  - proto
- name: github.com/m3db/prometheus_client_golang
  version: 8ae269d24972b8695572fa6b2e3718b5ea82d6b4
  subpackages:
  - prometheus
  - prometheus/promhttp
- name: github.com/m3db/prometheus_client_model
  version: d3fff8420252ef63bffb96f689d1a85096c97321
  subpackages:
  - go
- name: github.com/m3db/prometheus_common
  version: d550673fc477123acb69017380567e8fafc765fc
  subpackages:
  - expfmt
  - internal/bitbucket.org/ww/goautoneg
  - model
- name: github.com/m3db/prometheus_procfs
  version: 1878d9fbb537119d24b21ca07effd591627cd160
- name: github.com/matttproud/golang_protobuf_extensions
  version: c12348ce28de40eed0136aa2b644d0ee0650e56c
  subpackages:
  - pbutil
- name: github.com/pkg/errors
  version: 614d223910a179a466c1767a985424175c39b465
- name: github.com/pkg/profile
  version: 5b67d428864e92711fcbd2f8629456121a56d91f
- name: go.uber.org/atomic
  version: 12f27ba2637fa0e13772a4f05fa46a5d18d53182
- name: gopkg.in/validator.v2
  version: 2b28d334fa054977b7c725c7639a1ca4efc18bad
- name: gopkg.in/yaml.v2
  version: 7649d4548cb53a614db133b2a8ac1f31859dda8c
testImports:
- name: github.com/axw/gocov
  version: 54b98cfcac0c63fb3f9bd8e7ad241b724d4e985b
  subpackages:
  - gocov
- name: github.com/davecgh/go-spew
  version: 5215b55f46b2b919f50a1df0eaa5886afe4e3b3d
  subpackages:
  - spew
- name: github.com/golang/lint
  version: c7bacac2b21ca01afa1dee0acf64df3ce047c28f
  subpackages:
  - golint
- name: github.com/mattn/goveralls
  version: f4d273b02ce1b4e48acf3662b717aa987bfc4118
- name: github.com/pborman/uuid
  version: c55201b036063326c5b1b89ccfe45a184973d073
- name: github.com/pmezard/go-difflib
  version: d8ed2627bdf02c080bf22230dbb337003b7aba2d
  subpackages:
  - difflib
- name: github.com/stretchr/testify
  version: d77da356e56a7428ad25149ca77381849a6a5232
  subpackages:
  - assert
  - require
- name: golang.org/x/tools
  version: 3fe2afc9e626f32e91aff6eddb78b14743446865
  subpackages:
  - cover
